
Microsoft Visual Studio Solution File, Format Version 12.00
# Visual Studio Version 17
VisualStudioVersion = 17.8.34316.72
MinimumVisualStudioVersion = 10.0.40219.1
Project("{FAE04EC0-301F-11D3-BF4B-00C04F79EFBC}") = "GGC.Portal.Server", "GGC.Portal.Server\GGC.Portal.Server.csproj", "{80B3E4A9-30A9-4082-8082-9298D1DAB120}"
EndProject
Project("{54A90642-561A-4BB1-A94E-469ADEE60C69}") = "ggc.portal.client", "ggc.portal.client\ggc.portal.client.esproj", "{BB54CE00-8EB4-401B-B7B3-C2C46A1A0F52}"
EndProject
Global
	GlobalSection(SolutionConfigurationPlatforms) = preSolution
		Debug|Any CPU = Debug|Any CPU
		Release|Any CPU = Release|Any CPU
	EndGlobalSection
	GlobalSection(ProjectConfigurationPlatforms) = postSolution
		{80B3E4A9-30A9-4082-8082-9298D1DAB120}.Debug|Any CPU.ActiveCfg = Debug|Any CPU
		{80B3E4A9-30A9-4082-8082-9298D1DAB120}.Debug|Any CPU.Build.0 = Debug|Any CPU
		{80B3E4A9-30A9-4082-8082-9298D1DAB120}.Release|Any CPU.ActiveCfg = Release|Any CPU
		{80B3E4A9-30A9-4082-8082-9298D1DAB120}.Release|Any CPU.Build.0 = Release|Any CPU
		{BB54CE00-8EB4-401B-B7B3-C2C46A1A0F52}.Debug|Any CPU.ActiveCfg = Debug|Any CPU
		{BB54CE00-8EB4-401B-B7B3-C2C46A1A0F52}.Debug|Any CPU.Build.0 = Debug|Any CPU
		{BB54CE00-8EB4-401B-B7B3-C2C46A1A0F52}.Debug|Any CPU.Deploy.0 = Debug|Any CPU
		{BB54CE00-8EB4-401B-B7B3-C2C46A1A0F52}.Release|Any CPU.ActiveCfg = Release|Any CPU
		{BB54CE00-8EB4-401B-B7B3-C2C46A1A0F52}.Release|Any CPU.Build.0 = Release|Any CPU
		{BB54CE00-8EB4-401B-B7B3-C2C46A1A0F52}.Release|Any CPU.Deploy.0 = Release|Any CPU
	EndGlobalSection
	GlobalSection(SolutionProperties) = preSolution
		HideSolutionNode = FALSE
	EndGlobalSection
	GlobalSection(ExtensibilityGlobals) = postSolution
		SolutionGuid = {B873E8F7-4E21-4D44-8603-9496BD47F31C}
	EndGlobalSection
EndGlobal
